
Microsoft Visual Studio Solution File, Format Version 12.00
# Visual Studio Version 16
VisualStudioVersion = 16.0.30114.105
MinimumVisualStudioVersion = 10.0.40219.1
Project("{FAE04EC0-301F-11D3-BF4B-00C04F79EFBC}") = "Vector.App", "Vector.App\Vector.App.csproj", "{0C0BD76C-96DE-4FA1-BE09-9D26D8A68FB2}"
EndProject
Global
	GlobalSection(SolutionConfigurationPlatforms) = preSolution
		Debug|Any CPU = Debug|Any CPU
		Release|Any CPU = Release|Any CPU
	EndGlobalSection
	GlobalSection(ProjectConfigurationPlatforms) = postSolution
		{0C0BD76C-96DE-4FA1-BE09-9D26D8A68FB2}.Debug|Any CPU.ActiveCfg = Debug|Any CPU
		{0C0BD76C-96DE-4FA1-BE09-9D26D8A68FB2}.Debug|Any CPU.Build.0 = Debug|Any CPU
		{0C0BD76C-96DE-4FA1-BE09-9D26D8A68FB2}.Release|Any CPU.ActiveCfg = Release|Any CPU
		{0C0BD76C-96DE-4FA1-BE09-9D26D8A68FB2}.Release|Any CPU.Build.0 = Release|Any CPU
	EndGlobalSection
	GlobalSection(SolutionProperties) = preSolution
		HideSolutionNode = FALSE
	EndGlobalSection
	GlobalSection(ExtensibilityGlobals) = postSolution
		SolutionGuid = {6240DB63-D1FC-4A66-80E8-2282E41DE0B0}
	EndGlobalSection
EndGlobal
